
Microsoft Visual Studio Solution File, Format Version 12.00
# Visual Studio 15
VisualStudioVersion = 15.0.27428.2011
MinimumVisualStudioVersion = 10.0.40219.1
Project("{9A19103F-16F7-4668-BE54-9A1E7A4F7556}") = "JobFinder.WebApi", "JobFinder.WebApi\JobFinder.WebApi.csproj", "{51ACB467-F2A7-4DD6-A8C0-F1A2764317D2}"
EndProject
Global
	GlobalSection(SolutionConfigurationPlatforms) = preSolution
		Debug|Any CPU = Debug|Any CPU
		Release|Any CPU = Release|Any CPU
	EndGlobalSection
	GlobalSection(ProjectConfigurationPlatforms) = postSolution
		{51ACB467-F2A7-4DD6-A8C0-F1A2764317D2}.Debug|Any CPU.ActiveCfg = Debug|Any CPU
		{51ACB467-F2A7-4DD6-A8C0-F1A2764317D2}.Debug|Any CPU.Build.0 = Debug|Any CPU
		{51ACB467-F2A7-4DD6-A8C0-F1A2764317D2}.Release|Any CPU.ActiveCfg = Release|Any CPU
		{51ACB467-F2A7-4DD6-A8C0-F1A2764317D2}.Release|Any CPU.Build.0 = Release|Any CPU
	EndGlobalSection
	GlobalSection(SolutionProperties) = preSolution
		HideSolutionNode = FALSE
	EndGlobalSection
	GlobalSection(ExtensibilityGlobals) = postSolution
		SolutionGuid = {BAEAB581-3F56-4A8D-B350-0CF9CC8EDAE0}
	EndGlobalSection
EndGlobal
